
Microsoft Visual Studio Solution File, Format Version 12.00
Project("{FAE04EC0-301F-11D3-BF4B-00C04F79EFBC}") = "DynamoDbPlayground", "DynamoDbPlayground\DynamoDbPlayground.csproj", "{B618721E-C905-4F50-935A-628880384E9B}"
EndProject
Global
	GlobalSection(SolutionConfigurationPlatforms) = preSolution
		Debug|Any CPU = Debug|Any CPU
		Release|Any CPU = Release|Any CPU
	EndGlobalSection
	GlobalSection(ProjectConfigurationPlatforms) = postSolution
		{B618721E-C905-4F50-935A-628880384E9B}.Debug|Any CPU.ActiveCfg = Debug|Any CPU
		{B618721E-C905-4F50-935A-628880384E9B}.Debug|Any CPU.Build.0 = Debug|Any CPU
		{B618721E-C905-4F50-935A-628880384E9B}.Release|Any CPU.ActiveCfg = Release|Any CPU
		{B618721E-C905-4F50-935A-628880384E9B}.Release|Any CPU.Build.0 = Release|Any CPU
	EndGlobalSection
EndGlobal
